
Microsoft Visual Studio Solution File, Format Version 11.00
# Visual Studio 2010
Project("{FAE04EC0-301F-11D3-BF4B-00C04F79EFBC}") = "Cow Defense", "Assembly-CSharp.csproj", "{A3DB3510-A0C5-0BC4-409D-3564AEE17A02}"
EndProject
Global
	GlobalSection(SolutionConfigurationPlatforms) = preSolution
		Debug|Any CPU = Debug|Any CPU
		Release|Any CPU = Release|Any CPU
	EndGlobalSection
	GlobalSection(ProjectConfigurationPlatforms) = postSolution
		{A3DB3510-A0C5-0BC4-409D-3564AEE17A02}.Debug|Any CPU.ActiveCfg = Debug|Any CPU
		{A3DB3510-A0C5-0BC4-409D-3564AEE17A02}.Debug|Any CPU.Build.0 = Debug|Any CPU
		{A3DB3510-A0C5-0BC4-409D-3564AEE17A02}.Release|Any CPU.ActiveCfg = Release|Any CPU
		{A3DB3510-A0C5-0BC4-409D-3564AEE17A02}.Release|Any CPU.Build.0 = Release|Any CPU
	EndGlobalSection
	GlobalSection(SolutionProperties) = preSolution
		HideSolutionNode = FALSE
	EndGlobalSection
	GlobalSection(MonoDevelopProperties) = preSolution
		StartupItem = Assembly-CSharp.csproj
	EndGlobalSection
EndGlobal
